
Microsoft Visual Studio Solution File, Format Version 12.00
# Visual Studio Version 17
VisualStudioVersion = 17.4.33110.190
MinimumVisualStudioVersion = 10.0.40219.1
Project("{9A19103F-16F7-4668-BE54-9A1E7A4F7556}") = "BookstoreApi", "BookstoreApi\BookstoreApi.csproj", "{A93AE3A7-78BF-44AA-A08A-CF5039BA1680}"
EndProject
Project("{FAE04EC0-301F-11D3-BF4B-00C04F79EFBC}") = "BookstoreApi.Tests", "BookstoreApi.Tests\BookstoreApi.Tests.csproj", "{C82DF911-90FC-4631-BE1F-03EE1DB63222}"
EndProject
Global
	GlobalSection(SolutionConfigurationPlatforms) = preSolution
		Debug|Any CPU = Debug|Any CPU
		Release|Any CPU = Release|Any CPU
	EndGlobalSection
	GlobalSection(ProjectConfigurationPlatforms) = postSolution
		{A93AE3A7-78BF-44AA-A08A-CF5039BA1680}.Debug|Any CPU.ActiveCfg = Debug|Any CPU
		{A93AE3A7-78BF-44AA-A08A-CF5039BA1680}.Debug|Any CPU.Build.0 = Debug|Any CPU
		{A93AE3A7-78BF-44AA-A08A-CF5039BA1680}.Release|Any CPU.ActiveCfg = Release|Any CPU
		{A93AE3A7-78BF-44AA-A08A-CF5039BA1680}.Release|Any CPU.Build.0 = Release|Any CPU
		{C82DF911-90FC-4631-BE1F-03EE1DB63222}.Debug|Any CPU.ActiveCfg = Debug|Any CPU
		{C82DF911-90FC-4631-BE1F-03EE1DB63222}.Debug|Any CPU.Build.0 = Debug|Any CPU
		{C82DF911-90FC-4631-BE1F-03EE1DB63222}.Release|Any CPU.ActiveCfg = Release|Any CPU
		{C82DF911-90FC-4631-BE1F-03EE1DB63222}.Release|Any CPU.Build.0 = Release|Any CPU
	EndGlobalSection
	GlobalSection(SolutionProperties) = preSolution
		HideSolutionNode = FALSE
	EndGlobalSection
	GlobalSection(ExtensibilityGlobals) = postSolution
		SolutionGuid = {FCAD2F16-2756-4661-83BB-426532AD336D}
	EndGlobalSection
EndGlobal
